Microsoft Visual Studio Solution File, Format Version 12.00
# Visual Studio 15
VisualStudioVersion = 15.0.26430.16
MinimumVisualStudioVersion = 10.0.40219.1
Project("{FAE04EC0-301F-11D3-BF4B-00C04F79EFBC}") = "Author_Attribute", "Author_Attribute\Author_Attribute.csproj", "{0969558B-C810-447B-B9AC-0B8172295D2B}"
EndProject
Project("{FAE04EC0-301F-11D3-BF4B-00C04F79EFBC}") = "Event_Prime", "Event_Prime\Event_Prime.csproj", "{4916A99D-F421-4772-8690-22BBAF2932BE}"
EndProject
Project("{FAE04EC0-301F-11D3-BF4B-00C04F79EFBC}") = "Preprocessor_Constant", "Preprocessor_Constant\Preprocessor_Constant.csproj", "{4972E094-ACB7-4EBF-A7E8-1994FF787D4D}"
EndProject
Project("{FAE04EC0-301F-11D3-BF4B-00C04F79EFBC}") = "Recursive_Call", "Recursive_Call\Recursive_Call.csproj", "{4A918CA2-3C8B-462F-9D13-989D69D2DD58}"
EndProject
Project("{FAE04EC0-301F-11D3-BF4B-00C04F79EFBC}") = "Implicit_Explicit", "Study_CSharp\Implicit_Explicit.csproj", "{36DEFE3A-BE08-4126-B617-C25EC0135857}"
EndProject
Project("{FAE04EC0-301F-11D3-BF4B-00C04F79EFBC}") = "Test_Exception", "Test_Exception\Test_Exception.csproj", "{5A90C479-A513-4AEC-82D7-96D9475FB819}"
EndProject
Project("{FAE04EC0-301F-11D3-BF4B-00C04F79EFBC}") = "Test_Library", "Test_Library\Test_Library.csproj", "{09CFE223-96A3-484C-9926-1D527EF960D2}"
EndProject
Project("{FAE04EC0-301F-11D3-BF4B-00C04F79EFBC}") = "UDP_Client", "UDP_Client\UDP_Client.csproj", "{EB71EF62-5126-4F3C-A639-5629A15AC834}"
EndProject
Project("{FAE04EC0-301F-11D3-BF4B-00C04F79EFBC}") = "Connect_DB", "Connect_DB\Connect_DB.csproj", "{0ED875AB-F7F7-4E45-8AC0-80A94C94BB3B}"
EndProject
Project("{FAE04EC0-301F-11D3-BF4B-00C04F79EFBC}") = "HTTP_Client", "HTTP_Client\HTTP_Client.csproj", "{6996E0AD-B81E-4B91-8F0A-CC64DC7DE98C}"
EndProject
Project("{FAE04EC0-301F-11D3-BF4B-00C04F79EFBC}") = "TCP_Client", "TCP_Client\TCP_Client.csproj", "{0F001A22-0D69-441A-BC04-EF80BBC1AF3A}"
EndProject
Project("{FAE04EC0-301F-11D3-BF4B-00C04F79EFBC}") = "TCP_Server", "TCP_Server\TCP_Server.csproj", "{A0A66C71-5FA2-493E-BE9A-B09517371C0E}"
EndProject
Project("{FAE04EC0-301F-11D3-BF4B-00C04F79EFBC}") = "UDP_Server", "UDP_Server\UDP_Server.csproj", "{00AE374C-E672-4073-B6A1-D8EE1B56D090}"
EndProject
Project("{FAE04EC0-301F-11D3-BF4B-00C04F79EFBC}") = "HTTP_Server", "HTTP_Server\HTTP_Server.csproj", "{C436BDC2-E6BB-40DF-BF98-8039A79CCC51}"
EndProject
Project("{FAE04EC0-301F-11D3-BF4B-00C04F79EFBC}") = "HTTP_Client_WebClient", "HTTP_Client_WebClient\HTTP_Client_WebClient.csproj", "{0020ED6A-9EBB-45D1-8B2F-904716554CFD}"
EndProject
Project("{FAE04EC0-301F-11D3-BF4B-00C04F79EFBC}") = "HTTP_Client_HttpWebRequest", "HTTP_Client_HttpWebRequest\HTTP_Client_HttpWebRequest.csproj", "{04447F29-79F4-45CC-9C6C-AB4FB0DC2A7D}"
EndProject
Project("{FAE04EC0-301F-11D3-BF4B-00C04F79EFBC}") = "Test_Reflection", "Test_Reflection\Test_Reflection.csproj", "{6DEEA323-8834-4419-A407-6E92B38284EB}"
EndProject
Global
	GlobalSection(SolutionConfigurationPlatforms) = preSolution
		Debug|Any CPU = Debug|Any CPU
		Debug|x86 = Debug|x86
		Release|Any CPU = Release|Any CPU
		Release|x86 = Release|x86
	EndGlobalSection
	GlobalSection(ProjectConfigurationPlatforms) = postSolution
		{0969558B-C810-447B-B9AC-0B8172295D2B}.Debug|Any CPU.ActiveCfg = Debug|x86
		{0969558B-C810-447B-B9AC-0B8172295D2B}.Debug|x86.ActiveCfg = Debug|x86
		{0969558B-C810-447B-B9AC-0B8172295D2B}.Debug|x86.Build.0 = Debug|x86
		{0969558B-C810-447B-B9AC-0B8172295D2B}.Release|Any CPU.ActiveCfg = Release|x86
		{0969558B-C810-447B-B9AC-0B8172295D2B}.Release|x86.ActiveCfg = Release|x86
		{0969558B-C810-447B-B9AC-0B8172295D2B}.Release|x86.Build.0 = Release|x86
		{4916A99D-F421-4772-8690-22BBAF2932BE}.Debug|Any CPU.ActiveCfg = Debug|x86
		{4916A99D-F421-4772-8690-22BBAF2932BE}.Debug|x86.ActiveCfg = Debug|x86
		{4916A99D-F421-4772-8690-22BBAF2932BE}.Debug|x86.Build.0 = Debug|x86
		{4916A99D-F421-4772-8690-22BBAF2932BE}.Release|Any CPU.ActiveCfg = Release|x86
		{4916A99D-F421-4772-8690-22BBAF2932BE}.Release|x86.ActiveCfg = Release|x86
		{4916A99D-F421-4772-8690-22BBAF2932BE}.Release|x86.Build.0 = Release|x86
		{4972E094-ACB7-4EBF-A7E8-1994FF787D4D}.Debug|Any CPU.ActiveCfg = Debug|x86
		{4972E094-ACB7-4EBF-A7E8-1994FF787D4D}.Debug|x86.ActiveCfg = Debug|x86
		{4972E094-ACB7-4EBF-A7E8-1994FF787D4D}.Debug|x86.Build.0 = Debug|x86
		{4972E094-ACB7-4EBF-A7E8-1994FF787D4D}.Release|Any CPU.ActiveCfg = Release|x86
		{4972E094-ACB7-4EBF-A7E8-1994FF787D4D}.Release|x86.ActiveCfg = Release|x86
		{4972E094-ACB7-4EBF-A7E8-1994FF787D4D}.Release|x86.Build.0 = Release|x86
		{4A918CA2-3C8B-462F-9D13-989D69D2DD58}.Debug|Any CPU.ActiveCfg = Debug|x86
		{4A918CA2-3C8B-462F-9D13-989D69D2DD58}.Debug|x86.ActiveCfg = Debug|x86
		{4A918CA2-3C8B-462F-9D13-989D69D2DD58}.Debug|x86.Build.0 = Debug|x86
		{4A918CA2-3C8B-462F-9D13-989D69D2DD58}.Release|Any CPU.ActiveCfg = Release|x86
		{4A918CA2-3C8B-462F-9D13-989D69D2DD58}.Release|x86.ActiveCfg = Release|x86
		{4A918CA2-3C8B-462F-9D13-989D69D2DD58}.Release|x86.Build.0 = Release|x86
		{36DEFE3A-BE08-4126-B617-C25EC0135857}.Debug|Any CPU.ActiveCfg = Debug|x86
		{36DEFE3A-BE08-4126-B617-C25EC0135857}.Debug|x86.ActiveCfg = Debug|x86
		{36DEFE3A-BE08-4126-B617-C25EC0135857}.Debug|x86.Build.0 = Debug|x86
		{36DEFE3A-BE08-4126-B617-C25EC0135857}.Release|Any CPU.ActiveCfg = Release|x86
		{36DEFE3A-BE08-4126-B617-C25EC0135857}.Release|x86.ActiveCfg = Release|x86
		{36DEFE3A-BE08-4126-B617-C25EC0135857}.Release|x86.Build.0 = Release|x86
		{5A90C479-A513-4AEC-82D7-96D9475FB819}.Debug|Any CPU.ActiveCfg = Debug|x86
		{5A90C479-A513-4AEC-82D7-96D9475FB819}.Debug|x86.ActiveCfg = Debug|x86
		{5A90C479-A513-4AEC-82D7-96D9475FB819}.Debug|x86.Build.0 = Debug|x86
		{5A90C479-A513-4AEC-82D7-96D9475FB819}.Release|Any CPU.ActiveCfg = Release|x86
		{5A90C479-A513-4AEC-82D7-96D9475FB819}.Release|x86.ActiveCfg = Release|x86
		{5A90C479-A513-4AEC-82D7-96D9475FB819}.Release|x86.Build.0 = Release|x86
		{09CFE223-96A3-484C-9926-1D527EF960D2}.Debug|Any CPU.ActiveCfg = Debug|Any CPU
		{09CFE223-96A3-484C-9926-1D527EF960D2}.Debug|Any CPU.Build.0 = Debug|Any CPU
		{09CFE223-96A3-484C-9926-1D527EF960D2}.Debug|x86.ActiveCfg = Debug|Any CPU
		{09CFE223-96A3-484C-9926-1D527EF960D2}.Debug|x86.Build.0 = Debug|Any CPU
		{09CFE223-96A3-484C-9926-1D527EF960D2}.Release|Any CPU.ActiveCfg = Release|Any CPU
		{09CFE223-96A3-484C-9926-1D527EF960D2}.Release|Any CPU.Build.0 = Release|Any CPU
		{09CFE223-96A3-484C-9926-1D527EF960D2}.Release|x86.ActiveCfg = Release|Any CPU
		{09CFE223-96A3-484C-9926-1D527EF960D2}.Release|x86.Build.0 = Release|Any CPU
		{EB71EF62-5126-4F3C-A639-5629A15AC834}.Debug|Any CPU.ActiveCfg = Debug|x86
		{EB71EF62-5126-4F3C-A639-5629A15AC834}.Debug|x86.ActiveCfg = Debug|x86
		{EB71EF62-5126-4F3C-A639-5629A15AC834}.Debug|x86.Build.0 = Debug|x86
		{EB71EF62-5126-4F3C-A639-5629A15AC834}.Release|Any CPU.ActiveCfg = Release|x86
		{EB71EF62-5126-4F3C-A639-5629A15AC834}.Release|x86.ActiveCfg = Release|x86
		{EB71EF62-5126-4F3C-A639-5629A15AC834}.Release|x86.Build.0 = Release|x86
		{0ED875AB-F7F7-4E45-8AC0-80A94C94BB3B}.Debug|Any CPU.ActiveCfg = Debug|Any CPU
		{0ED875AB-F7F7-4E45-8AC0-80A94C94BB3B}.Debug|Any CPU.Build.0 = Debug|Any CPU
		{0ED875AB-F7F7-4E45-8AC0-80A94C94BB3B}.Debug|x86.ActiveCfg = Debug|Any CPU
		{0ED875AB-F7F7-4E45-8AC0-80A94C94BB3B}.Debug|x86.Build.0 = Debug|Any CPU
		{0ED875AB-F7F7-4E45-8AC0-80A94C94BB3B}.Release|Any CPU.ActiveCfg = Release|Any CPU
		{0ED875AB-F7F7-4E45-8AC0-80A94C94BB3B}.Release|Any CPU.Build.0 = Release|Any CPU
		{0ED875AB-F7F7-4E45-8AC0-80A94C94BB3B}.Release|x86.ActiveCfg = Release|Any CPU
		{0ED875AB-F7F7-4E45-8AC0-80A94C94BB3B}.Release|x86.Build.0 = Release|Any CPU
		{6996E0AD-B81E-4B91-8F0A-CC64DC7DE98C}.Debug|Any CPU.ActiveCfg = Debug|Any CPU
		{6996E0AD-B81E-4B91-8F0A-CC64DC7DE98C}.Debug|Any CPU.Build.0 = Debug|Any CPU
		{6996E0AD-B81E-4B91-8F0A-CC64DC7DE98C}.Debug|x86.ActiveCfg = Debug|Any CPU
		{6996E0AD-B81E-4B91-8F0A-CC64DC7DE98C}.Debug|x86.Build.0 = Debug|Any CPU
		{6996E0AD-B81E-4B91-8F0A-CC64DC7DE98C}.Release|Any CPU.ActiveCfg = Release|Any CPU
		{6996E0AD-B81E-4B91-8F0A-CC64DC7DE98C}.Release|Any CPU.Build.0 = Release|Any CPU
		{6996E0AD-B81E-4B91-8F0A-CC64DC7DE98C}.Release|x86.ActiveCfg = Release|Any CPU
		{6996E0AD-B81E-4B91-8F0A-CC64DC7DE98C}.Release|x86.Build.0 = Release|Any CPU
		{0F001A22-0D69-441A-BC04-EF80BBC1AF3A}.Debug|Any CPU.ActiveCfg = Debug|Any CPU
		{0F001A22-0D69-441A-BC04-EF80BBC1AF3A}.Debug|Any CPU.Build.0 = Debug|Any CPU
		{0F001A22-0D69-441A-BC04-EF80BBC1AF3A}.Debug|x86.ActiveCfg = Debug|Any CPU
		{0F001A22-0D69-441A-BC04-EF80BBC1AF3A}.Debug|x86.Build.0 = Debug|Any CPU
		{0F001A22-0D69-441A-BC04-EF80BBC1AF3A}.Release|Any CPU.ActiveCfg = Release|Any CPU
		{0F001A22-0D69-441A-BC04-EF80BBC1AF3A}.Release|Any CPU.Build.0 = Release|Any CPU
		{0F001A22-0D69-441A-BC04-EF80BBC1AF3A}.Release|x86.ActiveCfg = Release|Any CPU
		{0F001A22-0D69-441A-BC04-EF80BBC1AF3A}.Release|x86.Build.0 = Release|Any CPU
		{A0A66C71-5FA2-493E-BE9A-B09517371C0E}.Debug|Any CPU.ActiveCfg = Debug|Any CPU
		{A0A66C71-5FA2-493E-BE9A-B09517371C0E}.Debug|Any CPU.Build.0 = Debug|Any CPU
		{A0A66C71-5FA2-493E-BE9A-B09517371C0E}.Debug|x86.ActiveCfg = Debug|Any CPU
		{A0A66C71-5FA2-493E-BE9A-B09517371C0E}.Debug|x86.Build.0 = Debug|Any CPU
		{A0A66C71-5FA2-493E-BE9A-B09517371C0E}.Release|Any CPU.ActiveCfg = Release|Any CPU
		{A0A66C71-5FA2-493E-BE9A-B09517371C0E}.Release|Any CPU.Build.0 = Release|Any CPU
		{A0A66C71-5FA2-493E-BE9A-B09517371C0E}.Release|x86.ActiveCfg = Release|Any CPU
		{A0A66C71-5FA2-493E-BE9A-B09517371C0E}.Release|x86.Build.0 = Release|Any CPU
		{00AE374C-E672-4073-B6A1-D8EE1B56D090}.Debug|Any CPU.ActiveCfg = Debug|Any CPU
		{00AE374C-E672-4073-B6A1-D8EE1B56D090}.Debug|Any CPU.Build.0 = Debug|Any CPU
		{00AE374C-E672-4073-B6A1-D8EE1B56D090}.Debug|x86.ActiveCfg = Debug|Any CPU
		{00AE374C-E672-4073-B6A1-D8EE1B56D090}.Debug|x86.Build.0 = Debug|Any CPU
		{00AE374C-E672-4073-B6A1-D8EE1B56D090}.Release|Any CPU.ActiveCfg = Release|Any CPU
		{00AE374C-E672-4073-B6A1-D8EE1B56D090}.Release|Any CPU.Build.0 = Release|Any CPU
		{00AE374C-E672-4073-B6A1-D8EE1B56D090}.Release|x86.ActiveCfg = Release|Any CPU
		{00AE374C-E672-4073-B6A1-D8EE1B56D090}.Release|x86.Build.0 = Release|Any CPU
		{C436BDC2-E6BB-40DF-BF98-8039A79CCC51}.Debug|Any CPU.ActiveCfg = Debug|Any CPU
		{C436BDC2-E6BB-40DF-BF98-8039A79CCC51}.Debug|Any CPU.Build.0 = Debug|Any CPU
		{C436BDC2-E6BB-40DF-BF98-8039A79CCC51}.Debug|x86.ActiveCfg = Debug|Any CPU
		{C436BDC2-E6BB-40DF-BF98-8039A79CCC51}.Debug|x86.Build.0 = Debug|Any CPU
		{C436BDC2-E6BB-40DF-BF98-8039A79CCC51}.Release|Any CPU.ActiveCfg = Release|Any CPU
		{C436BDC2-E6BB-40DF-BF98-8039A79CCC51}.Release|Any CPU.Build.0 = Release|Any CPU
		{C436BDC2-E6BB-40DF-BF98-8039A79CCC51}.Release|x86.ActiveCfg = Release|Any CPU
		{C436BDC2-E6BB-40DF-BF98-8039A79CCC51}.Release|x86.Build.0 = Release|Any CPU
		{0020ED6A-9EBB-45D1-8B2F-904716554CFD}.Debug|Any CPU.ActiveCfg = Debug|Any CPU
		{0020ED6A-9EBB-45D1-8B2F-904716554CFD}.Debug|Any CPU.Build.0 = Debug|Any CPU
		{0020ED6A-9EBB-45D1-8B2F-904716554CFD}.Debug|x86.ActiveCfg = Debug|Any CPU
		{0020ED6A-9EBB-45D1-8B2F-904716554CFD}.Debug|x86.Build.0 = Debug|Any CPU
		{0020ED6A-9EBB-45D1-8B2F-904716554CFD}.Release|Any CPU.ActiveCfg = Release|Any CPU
		{0020ED6A-9EBB-45D1-8B2F-904716554CFD}.Release|Any CPU.Build.0 = Release|Any CPU
		{0020ED6A-9EBB-45D1-8B2F-904716554CFD}.Release|x86.ActiveCfg = Release|Any CPU
		{0020ED6A-9EBB-45D1-8B2F-904716554CFD}.Release|x86.Build.0 = Release|Any CPU
		{04447F29-79F4-45CC-9C6C-AB4FB0DC2A7D}.Debug|Any CPU.ActiveCfg = Debug|Any CPU
		{04447F29-79F4-45CC-9C6C-AB4FB0DC2A7D}.Debug|Any CPU.Build.0 = Debug|Any CPU
		{04447F29-79F4-45CC-9C6C-AB4FB0DC2A7D}.Debug|x86.ActiveCfg = Debug|Any CPU
		{04447F29-79F4-45CC-9C6C-AB4FB0DC2A7D}.Debug|x86.Build.0 = Debug|Any CPU
		{04447F29-79F4-45CC-9C6C-AB4FB0DC2A7D}.Release|Any CPU.ActiveCfg = Release|Any CPU
		{04447F29-79F4-45CC-9C6C-AB4FB0DC2A7D}.Release|Any CPU.Build.0 = Release|Any CPU
		{04447F29-79F4-45CC-9C6C-AB4FB0DC2A7D}.Release|x86.ActiveCfg = Release|Any CPU
		{04447F29-79F4-45CC-9C6C-AB4FB0DC2A7D}.Release|x86.Build.0 = Release|Any CPU
		{6DEEA323-8834-4419-A407-6E92B38284EB}.Debug|Any CPU.ActiveCfg = Debug|Any CPU
		{6DEEA323-8834-4419-A407-6E92B38284EB}.Debug|Any CPU.Build.0 = Debug|Any CPU
		{6DEEA323-8834-4419-A407-6E92B38284EB}.Debug|x86.ActiveCfg = Debug|Any CPU
		{6DEEA323-8834-4419-A407-6E92B38284EB}.Debug|x86.Build.0 = Debug|Any CPU
		{6DEEA323-8834-4419-A407-6E92B38284EB}.Release|Any CPU.ActiveCfg = Release|Any CPU
		{6DEEA323-8834-4419-A407-6E92B38284EB}.Release|Any CPU.Build.0 = Release|Any CPU
		{6DEEA323-8834-4419-A407-6E92B38284EB}.Release|x86.ActiveCfg = Release|Any CPU
		{6DEEA323-8834-4419-A407-6E92B38284EB}.Release|x86.Build.0 = Release|Any CPU
	EndGlobalSection
	GlobalSection(SolutionProperties) = preSolution
		HideSolutionNode = FALSE
	EndGlobalSection
EndGlobal
